
Microsoft Visual Studio Solution File, Format Version 12.00
# Visual Studio Version 17
VisualStudioVersion = 17.13.35806.99 d17.13
MinimumVisualStudioVersion = 10.0.40219.1
Project("{FAE04EC0-301F-11D3-BF4B-00C04F79EFBC}") = "IconExtractorGUI", "IconExtractorGUI\IconExtractorGUI.csproj", "{6BDCA568-FF5E-42B3-88E7-3191B3BF232E}"
EndProject
Global
	GlobalSection(SolutionConfigurationPlatforms) = preSolution
		Debug|Any CPU = Debug|Any CPU
		Release|Any CPU = Release|Any CPU
	EndGlobalSection
	GlobalSection(ProjectConfigurationPlatforms) = postSolution
		{6BDCA568-FF5E-42B3-88E7-3191B3BF232E}.Debug|Any CPU.ActiveCfg = Debug|Any CPU
		{6BDCA568-FF5E-42B3-88E7-3191B3BF232E}.Debug|Any CPU.Build.0 = Debug|Any CPU
		{6BDCA568-FF5E-42B3-88E7-3191B3BF232E}.Release|Any CPU.ActiveCfg = Release|Any CPU
		{6BDCA568-FF5E-42B3-88E7-3191B3BF232E}.Release|Any CPU.Build.0 = Release|Any CPU
	EndGlobalSection
	GlobalSection(SolutionProperties) = preSolution
		HideSolutionNode = FALSE
	EndGlobalSection
	GlobalSection(ExtensibilityGlobals) = postSolution
		SolutionGuid = {930D59B1-EAB0-4823-ABA9-5AE7813A1490}
	EndGlobalSection
EndGlobal
